{
  "name": "Demo001",
  "lockfileVersion": 2,
  "requires": true,
  "packages": {
    "": {
      "name": "Demo001",
      "dependencies": {
        "@types/crypto-js": "^4.1.2",
        "crypto-es": "^2.0.4"
      },
      "devDependencies": {
        "@types/node": "^20.6.4"
      }
    },
    "node_modules/@types/crypto-js": {
      "version": "4.1.2",
      "resolved": "https://registry.npmmirror.com/@types/crypto-js/-/crypto-js-4.1.2.tgz",
      "integrity": "sha512-t33RNmTu5ufG/sorROIafiCVJMx3jz95bXUMoPAZcUD14fxMXnuTzqzXZoxpR0tNx2xpw11Dlmem9vGCsrSOfA=="
    },
    "node_modules/@types/node": {
      "version": "20.6.4",
      "resolved": "https://registry.npmmirror.com/@types/node/-/node-20.6.4.tgz",
      "integrity": "sha512-nU6d9MPY0NBUMiE/nXd2IIoC4OLvsLpwAjheoAeuzgvDZA1Cb10QYg+91AF6zQiKWRN5i1m07x6sMe0niBznoQ==",
      "dev": true
    },
    "node_modules/crypto-es": {
      "version": "2.0.4",
      "resolved": "https://registry.npmmirror.com/crypto-es/-/crypto-es-2.0.4.tgz",
      "integrity": "sha512-GJxgJJ7HjGzwT7iQF0K9RertKkzgSKUXd8X2aQ7RGDS8yMVDzIBFMNHID9hnj48Ep8NAICHWV1CFIETlVNZ/Lg=="
    }
  },
  "dependencies": {
    "@types/crypto-js": {
      "version": "4.1.2",
      "resolved": "https://registry.npmmirror.com/@types/crypto-js/-/crypto-js-4.1.2.tgz",
      "integrity": "sha512-t33RNmTu5ufG/sorROIafiCVJMx3jz95bXUMoPAZcUD14fxMXnuTzqzXZoxpR0tNx2xpw11Dlmem9vGCsrSOfA=="
    },
    "@types/node": {
      "version": "20.6.4",
      "resolved": "https://registry.npmmirror.com/@types/node/-/node-20.6.4.tgz",
      "integrity": "sha512-nU6d9MPY0NBUMiE/nXd2IIoC4OLvsLpwAjheoAeuzgvDZA1Cb10QYg+91AF6zQiKWRN5i1m07x6sMe0niBznoQ==",
      "dev": true
    },
    "crypto-es": {
      "version": "2.0.4",
      "resolved": "https://registry.npmmirror.com/crypto-es/-/crypto-es-2.0.4.tgz",
      "integrity": "sha512-GJxgJJ7HjGzwT7iQF0K9RertKkzgSKUXd8X2aQ7RGDS8yMVDzIBFMNHID9hnj48Ep8NAICHWV1CFIETlVNZ/Lg=="
    }
  }
}
